
Microsoft Visual Studio Solution File, Format Version 12.00
# Visual Studio Version 17
VisualStudioVersion = 17.10.35122.118
MinimumVisualStudioVersion = 10.0.40219.1
Project("{FAE04EC0-301F-11D3-BF4B-00C04F79EFBC}") = "MDIFrom", "MDIFrom\MDIFrom.csproj", "{DEA1B872-4ED7-49A3-891C-46DB707628E0}"
EndProject
Global
	GlobalSection(SolutionConfigurationPlatforms) = preSolution
		Debug|Any CPU = Debug|Any CPU
		Release|Any CPU = Release|Any CPU
	EndGlobalSection
	GlobalSection(ProjectConfigurationPlatforms) = postSolution
		{DEA1B872-4ED7-49A3-891C-46DB707628E0}.Debug|Any CPU.ActiveCfg = Debug|Any CPU
		{DEA1B872-4ED7-49A3-891C-46DB707628E0}.Debug|Any CPU.Build.0 = Debug|Any CPU
		{DEA1B872-4ED7-49A3-891C-46DB707628E0}.Release|Any CPU.ActiveCfg = Release|Any CPU
		{DEA1B872-4ED7-49A3-891C-46DB707628E0}.Release|Any CPU.Build.0 = Release|Any CPU
	EndGlobalSection
	GlobalSection(SolutionProperties) = preSolution
		HideSolutionNode = FALSE
	EndGlobalSection
	GlobalSection(ExtensibilityGlobals) = postSolution
		SolutionGuid = {8212BFE8-8A7A-4360-BC90-06A6F9B92014}
	EndGlobalSection
EndGlobal
